// !$*UTF8*$!
{
	archiveVersion = 1;
	classes = {
	};
	objectVersion = 56;
	objects = {

/* Begin PBXBuildFile section */
		2F0163922A5D65C000D853F6 /* SecondScreenController.swift in Sources */ = {isa = PBXBuildFile; fileRef = 2F0163912A5D65C000D853F6 /* SecondScreenController.swift */; };
		2F074C232B8A22B30051254B /* GlobalValues.swift in Sources */ = {isa = PBXBuildFile; fileRef = 2F074C222B8A22B30051254B /* GlobalValues.swift */; };
		2F4A256C2B88F87F006A3978 /* CommonWebViewController.swift in Sources */ = {isa = PBXBuildFile; fileRef = 2F4A256A2B88F87F006A3978 /* CommonWebViewController.swift */; };
		2F4A256D2B88F87F006A3978 /* CommonWebViewController.xib in Resources */ = {isa = PBXBuildFile; fileRef = 2F4A256B2B88F87F006A3978 /* CommonWebViewController.xib */; };
		2F612CAC2A5BEA6E00562080 /* AppDelegate.swift in Sources */ = {isa = PBXBuildFile; fileRef = 2F612CAB2A5BEA6E00562080 /* AppDelegate.swift */; };
		2F612CAE2A5BEA6E00562080 /* SceneDelegate.swift in Sources */ = {isa = PBXBuildFile; fileRef = 2F612CAD2A5BEA6E00562080 /* SceneDelegate.swift */; };
		2F612CB52A5BEA6F00562080 /* Assets.xcassets in Resources */ = {isa = PBXBuildFile; fileRef = 2F612CB42A5BEA6F00562080 /* Assets.xcassets */; };
		2F612CD12A5C322500562080 /* FirstScreenController.swift in Sources */ = {isa = PBXBuildFile; fileRef = 2F612CD02A5C322500562080 /* FirstScreenController.swift */; };
		2F612CDC2A5C398000562080 /* Screen1TableViewCell.swift in Sources */ = {isa = PBXBuildFile; fileRef = 2F612CDA2A5C398000562080 /* Screen1TableViewCell.swift */; };
		2F612CDD2A5C398000562080 /* Screen1TableViewCell.xib in Resources */ = {isa = PBXBuildFile; fileRef = 2F612CDB2A5C398000562080 /* Screen1TableViewCell.xib */; };
		2F61B1B12AD41A5F001C5B68 /* Weather-Release-Info.plist in Resources */ = {isa = PBXBuildFile; fileRef = 2F61B1B02AD41A5F001C5B68 /* Weather-Release-Info.plist */; };
		2F61B1B92AD421DB001C5B68 /* ServerConfig.swift in Sources */ = {isa = PBXBuildFile; fileRef = 2F61B1B82AD421DB001C5B68 /* ServerConfig.swift */; };
		2F6E28CA2A67B56200E508C8 /* ToastLabel.swift in Sources */ = {isa = PBXBuildFile; fileRef = 2F6E28C92A67B56200E508C8 /* ToastLabel.swift */; };
		2F77286D2B3F4CE100C5AB24 /* ToggleSettingTableViewCell.swift in Sources */ = {isa = PBXBuildFile; fileRef = 2F77286B2B3F4CE100C5AB24 /* ToggleSettingTableViewCell.swift */; };
		2F77286E2B3F4CE100C5AB24 /* ToggleSettingTableViewCell.xib in Resources */ = {isa = PBXBuildFile; fileRef = 2F77286C2B3F4CE100C5AB24 /* ToggleSettingTableViewCell.xib */; };
		2F7728702B3F5E9200C5AB24 /* SettingModals.swift in Sources */ = {isa = PBXBuildFile; fileRef = 2F77286F2B3F5E9200C5AB24 /* SettingModals.swift */; };
		2F7728742B3F61FC00C5AB24 /* SettingInfoTableViewCell.swift in Sources */ = {isa = PBXBuildFile; fileRef = 2F7728722B3F61FC00C5AB24 /* SettingInfoTableViewCell.swift */; };
		2F7728752B3F61FC00C5AB24 /* SettingInfoTableViewCell.xib in Resources */ = {isa = PBXBuildFile; fileRef = 2F7728732B3F61FC00C5AB24 /* SettingInfoTableViewCell.xib */; };
		2F8F9D422B6D4324004A5572 /* AppInfoCardView.swift in Sources */ = {isa = PBXBuildFile; fileRef = 2F8F9D412B6D4324004A5572 /* AppInfoCardView.swift */; };
		2F90A28D2B6D47B500F6B6A2 /* AppInfoCardView.xib in Resources */ = {isa = PBXBuildFile; fileRef = 2F90A28C2B6D47B500F6B6A2 /* AppInfoCardView.xib */; };
		2F90A2982B6D4A6000F6B6A2 /* weather-app-icon-with-mobile.png in Resources */ = {isa = PBXBuildFile; fileRef = 2F90A2952B6D4A6000F6B6A2 /* weather-app-icon-with-mobile.png */; };
		2F90A2992B6D4A6000F6B6A2 /* weather-app-icon-with-mobile2.png in Resources */ = {isa = PBXBuildFile; fileRef = 2F90A2962B6D4A6000F6B6A2 /* weather-app-icon-with-mobile2.png */; };
		2F90A29A2B6D4A6000F6B6A2 /* weather-app-with-shadow.png in Resources */ = {isa = PBXBuildFile; fileRef = 2F90A2972B6D4A6000F6B6A2 /* weather-app-with-shadow.png */; };
		2FB414A62B3B3E850052895C /* SecondScreenCollectionViewCell.xib in Resources */ = {isa = PBXBuildFile; fileRef = 2FB414A52B3B3E850052895C /* SecondScreenCollectionViewCell.xib */; };
		2FB414A82B3B3EF60052895C /* SecondScreenTableViewCell.xib in Resources */ = {isa = PBXBuildFile; fileRef = 2FB414A72B3B3EF60052895C /* SecondScreenTableViewCell.xib */; };
		2FB414AD2B3B494D0052895C /* HomeViewController.xib in Resources */ = {isa = PBXBuildFile; fileRef = 2FB414AC2B3B494D0052895C /* HomeViewController.xib */; };
		2FBBE93C2A76E0700033A609 /* find-weather.png in Resources */ = {isa = PBXBuildFile; fileRef = 2FBBE93B2A76E0700033A609 /* find-weather.png */; };
		2FBBE93E2A76E4A30033A609 /* placeholderImage.swift in Sources */ = {isa = PBXBuildFile; fileRef = 2FBBE93D2A76E4A30033A609 /* placeholderImage.swift */; };
		2FBBE9402A76EBE40033A609 /* empty-box.png in Resources */ = {isa = PBXBuildFile; fileRef = 2FBBE93F2A76EBE40033A609 /* empty-box.png */; };
		2FBBE9422A76F1370033A609 /* no-weather-data.png in Resources */ = {isa = PBXBuildFile; fileRef = 2FBBE9412A76F1370033A609 /* no-weather-data.png */; };
		2FCEB84C2A63001700A32D82 /* ReusableHeader.swift in Sources */ = {isa = PBXBuildFile; fileRef = 2FCEB84B2A63001700A32D82 /* ReusableHeader.swift */; };
		2FD005FE2A6437860029640E /* Clouds.png in Resources */ = {isa = PBXBuildFile; fileRef = 2FD005F72A6437860029640E /* Clouds.png */; };
		2FD005FF2A6437860029640E /* Else.png in Resources */ = {isa = PBXBuildFile; fileRef = 2FD005F82A6437860029640E /* Else.png */; };
		2FD006012A6437860029640E /* Snow.png in Resources */ = {isa = PBXBuildFile; fileRef = 2FD005FA2A6437860029640E /* Snow.png */; };
		2FD006022A6437860029640E /* Thunderstorm.png in Resources */ = {isa = PBXBuildFile; fileRef = 2FD005FB2A6437860029640E /* Thunderstorm.png */; };
		2FD006032A6437860029640E /* Drizzle.png in Resources */ = {isa = PBXBuildFile; fileRef = 2FD005FC2A6437860029640E /* Drizzle.png */; };
		2FD006042A6437860029640E /* Clear.png in Resources */ = {isa = PBXBuildFile; fileRef = 2FD005FD2A6437860029640E /* Clear.png */; };
		2FD0060F2A645E7C0029640E /* Clear_Img.jpg in Resources */ = {isa = PBXBuildFile; fileRef = 2FD006082A645E7C0029640E /* Clear_Img.jpg */; };
		2FD006112A645E7C0029640E /* Snow_Img.jpg in Resources */ = {isa = PBXBuildFile; fileRef = 2FD0060A2A645E7C0029640E /* Snow_Img.jpg */; };
		2FD006122A645E7C0029640E /* Drizzle_Img.jpg in Resources */ = {isa = PBXBuildFile; fileRef = 2FD0060B2A645E7C0029640E /* Drizzle_Img.jpg */; };
		2FD006132A645E7C0029640E /* Clouds_Img.jpg in Resources */ = {isa = PBXBuildFile; fileRef = 2FD0060C2A645E7C0029640E /* Clouds_Img.jpg */; };
		2FD006182A6463100029640E /* Thunderstorm_Img.jpg in Resources */ = {isa = PBXBuildFile; fileRef = 2FD006172A6463100029640E /* Thunderstorm_Img.jpg */; };
		2FD0061C2A6464C10029640E /* Else_Img.jpg in Resources */ = {isa = PBXBuildFile; fileRef = 2FD0061B2A6464C10029640E /* Else_Img.jpg */; };
		2FD0061E2A6465C80029640E /* Rain_Img.jpg in Resources */ = {isa = PBXBuildFile; fileRef = 2FD0061D2A6465C80029640E /* Rain_Img.jpg */; };
		2FD006222A64706F0029640E /* Hourly_Forecast.png in Resources */ = {isa = PBXBuildFile; fileRef = 2FD006212A64706F0029640E /* Hourly_Forecast.png */; };
		2FD006242A6470750029640E /* Find_Weather.png in Resources */ = {isa = PBXBuildFile; fileRef = 2FD006232A6470750029640E /* Find_Weather.png */; };
		2FD006262A6470800029640E /* Daily_Forecast.png in Resources */ = {isa = PBXBuildFile; fileRef = 2FD006252A6470800029640E /* Daily_Forecast.png */; };
		2FD266E32A7134DA00F569DB /* Empty_heart.png in Resources */ = {isa = PBXBuildFile; fileRef = 2FD266E22A7134D900F569DB /* Empty_heart.png */; };
		2FD266E52A7134DF00F569DB /* Filled_heart.png in Resources */ = {isa = PBXBuildFile; fileRef = 2FD266E42A7134DF00F569DB /* Filled_heart.png */; };
		2FD266E82A713C6C00F569DB /* FavouriteQueue.swift in Sources */ = {isa = PBXBuildFile; fileRef = 2FD266E72A713C6C00F569DB /* FavouriteQueue.swift */; };
		2FD8941F2B3982F900052806 /* weatherTest.swift in Sources */ = {isa = PBXBuildFile; fileRef = 2FD8941E2B3982F900052806 /* weatherTest.swift */; };
		2FD929852B6EBE3A000CCE2F /* Weather-Debug-Info.plist in Resources */ = {isa = PBXBuildFile; fileRef = 2FD929842B6EBE3A000CCE2F /* Weather-Debug-Info.plist */; };
		2FD929872B6EC0D8000CCE2F /* weather-Debug.xcconfig in Resources */ = {isa = PBXBuildFile; fileRef = 2FD929862B6EC0D8000CCE2F /* weather-Debug.xcconfig */; };
		2FD929892B6EC103000CCE2F /* weather-Release.xcconfig in Resources */ = {isa = PBXBuildFile; fileRef = 2FD929882B6EC103000CCE2F /* weather-Release.xcconfig */; };
		2FE4C3152A5F315800A19784 /* WeatherApiHandler.swift in Sources */ = {isa = PBXBuildFile; fileRef = 2FE4C3142A5F315800A19784 /* WeatherApiHandler.swift */; };
		2FE5A8092AA084D600FDA21F /* HomeViewController+Location.swift in Sources */ = {isa = PBXBuildFile; fileRef = 2FE5A8082AA084D600FDA21F /* HomeViewController+Location.swift */; };
		2FE5A80B2AA0861100FDA21F /* Common+BlurViewExtension.swift in Sources */ = {isa = PBXBuildFile; fileRef = 2FE5A80A2AA0861100FDA21F /* Common+BlurViewExtension.swift */; };
		2FE5A80D2AA0869A00FDA21F /* Common+ReachabilityExtension.swift in Sources */ = {isa = PBXBuildFile; fileRef = 2FE5A80C2AA0869A00FDA21F /* Common+ReachabilityExtension.swift */; };
		2FE5A8112AA0A0C300FDA21F /* HomeViewController+SearchBar.swift in Sources */ = {isa = PBXBuildFile; fileRef = 2FE5A8102AA0A0C300FDA21F /* HomeViewController+SearchBar.swift */; };
		2FE5A8132AA0A1CB00FDA21F /* HomeViewController+TableView.swift in Sources */ = {isa = PBXBuildFile; fileRef = 2FE5A8122AA0A1CB00FDA21F /* HomeViewController+TableView.swift */; };
		2FE5A8152AA0ADFC00FDA21F /* no-internet.png in Resources */ = {isa = PBXBuildFile; fileRef = 2FE5A8142AA0ADFC00FDA21F /* no-internet.png */; };
		2FE9D5B42A5FDB69000D67DF /* WeatherElement.swift in Sources */ = {isa = PBXBuildFile; fileRef = 2FE9D5B32A5FDB69000D67DF /* WeatherElement.swift */; };
		2FE9D5B62A5FDBF3000D67DF /* MainWeatherContent.swift in Sources */ = {isa = PBXBuildFile; fileRef = 2FE9D5B52A5FDBF3000D67DF /* MainWeatherContent.swift */; };
		2FE9D5BA2A6079D4000D67DF /* Utilities.swift in Sources */ = {isa = PBXBuildFile; fileRef = 2FE9D5B92A6079D4000D67DF /* Utilities.swift */; };
		2FE9D5BF2A60805E000D67DF /* ForeCastDataElement.swift in Sources */ = {isa = PBXBuildFile; fileRef = 2FE9D5BE2A60805E000D67DF /* ForeCastDataElement.swift */; };
		2FE9D5C12A60807A000D67DF /* City.swift in Sources */ = {isa = PBXBuildFile; fileRef = 2FE9D5C02A60807A000D67DF /* City.swift */; };
		2FE9E1742A6D47BA009CB409 /* WeatherDataModel.swift in Sources */ = {isa = PBXBuildFile; fileRef = 2FE9E1732A6D47BA009CB409 /* WeatherDataModel.swift */; };
		2FE9E1762A6D512F009CB409 /* Screen2DataModel.swift in Sources */ = {isa = PBXBuildFile; fileRef = 2FE9E1752A6D512F009CB409 /* Screen2DataModel.swift */; };
		2FE9E1782A6D71E3009CB409 /* SecondScreenTableViewCell.swift in Sources */ = {isa = PBXBuildFile; fileRef = 2FE9E1772A6D71E3009CB409 /* SecondScreenTableViewCell.swift */; };
		2FE9E17A2A6D71FE009CB409 /* SecondScreenCollectionViewCell.swift in Sources */ = {isa = PBXBuildFile; fileRef = 2FE9E1792A6D71FE009CB409 /* SecondScreenCollectionViewCell.swift */; };
		2FE9E17C2A6D7B02009CB409 /* Screen1DataModel.swift in Sources */ = {isa = PBXBuildFile; fileRef = 2FE9E17B2A6D7B02009CB409 /* Screen1DataModel.swift */; };
		2FF0CCF62A6FABCC00F06705 /* Rain.png in Resources */ = {isa = PBXBuildFile; fileRef = 2FF0CCF52A6FABCC00F06705 /* Rain.png */; };
		2FF2230E2AF7A1370043FEC3 /* NotificationController.swift in Sources */ = {isa = PBXBuildFile; fileRef = 2FF2230D2AF7A1370043FEC3 /* NotificationController.swift */; };
		2FF334532B39B87B00EE3F34 /* HomeViewController.swift in Sources */ = {isa = PBXBuildFile; fileRef = 2FF334512B39B87B00EE3F34 /* HomeViewController.swift */; };
		2FF334572B39B99700EE3F34 /* SettingsViewController.swift in Sources */ = {isa = PBXBuildFile; fileRef = 2FF334552B39B99700EE3F34 /* SettingsViewController.swift */; };
		2FF334582B39B99700EE3F34 /* SettingsViewController.xib in Resources */ = {isa = PBXBuildFile; fileRef = 2FF334562B39B99700EE3F34 /* SettingsViewController.xib */; };
		2FF3345B2B39B9C000EE3F34 /* ForecastViewController.swift in Sources */ = {isa = PBXBuildFile; fileRef = 2FF334592B39B9C000EE3F34 /* ForecastViewController.swift */; };
		2FF3345C2B39B9C000EE3F34 /* ForecastViewController.xib in Resources */ = {isa = PBXBuildFile; fileRef = 2FF3345A2B39B9C000EE3F34 /* ForecastViewController.xib */; };
		2FF3345E2B39BC4600EE3F34 /* TabBarController.swift in Sources */ = {isa = PBXBuildFile; fileRef = 2FF3345D2B39BC4600EE3F34 /* TabBarController.swift */; };
		5812841719D9D6EE68613FA2 /* libPods-weatherApp-weatherTest.a in Frameworks */ = {isa = PBXBuildFile; fileRef = ACFBFF01E662C5656FBA484F /* libPods-weatherApp-weatherTest.a */; };
		B5D64E18CEFF69A1F2E0645E /* libPods-weatherApp.a in Frameworks */ = {isa = PBXBuildFile; fileRef = 6D8E22C7154F1B8615D52A22 /* libPods-weatherApp.a */; };
/* End PBXBuildFile section */

/* Begin PBXContainerItemProxy section */
		2FF334222B39892000EE3F34 /* PBXContainerItemProxy */ = {
			isa = PBXContainerItemProxy;
			containerPortal = 2F612CA02A5BEA6E00562080 /* Project object */;
			proxyType = 1;
			remoteGlobalIDString = 2F612CA72A5BEA6E00562080;
			remoteInfo = weatherApp;
		};
/* End PBXContainerItemProxy section */

/* Begin PBXFileReference section */
		2F0163912A5D65C000D853F6 /* SecondScreenController.swift */ = {isa = PBXFileReference; lastKnownFileType = sourcecode.swift; path = SecondScreenController.swift; sourceTree = "<group>"; };
		2F074C222B8A22B30051254B /* GlobalValues.swift */ = {isa = PBXFileReference; lastKnownFileType = sourcecode.swift; path = GlobalValues.swift; sourceTree = "<group>"; };
		2F4A256A2B88F87F006A3978 /* CommonWebViewController.swift */ = {isa = PBXFileReference; lastKnownFileType = sourcecode.swift; path = CommonWebViewController.swift; sourceTree = "<group>"; };
		2F4A256B2B88F87F006A3978 /* CommonWebViewController.xib */ = {isa = PBXFileReference; lastKnownFileType = file.xib; path = CommonWebViewController.xib; sourceTree = "<group>"; };
		2F612CA82A5BEA6E00562080 /* Weather-Debug.app */ = {isa = PBXFileReference; explicitFileType = wrapper.application; includeInIndex = 0; path = "Weather-Debug.app"; sourceTree = BUILT_PRODUCTS_DIR; };
		2F612CAB2A5BEA6E00562080 /* AppDelegate.swift */ = {isa = PBXFileReference; lastKnownFileType = sourcecode.swift; path = AppDelegate.swift; sourceTree = "<group>"; };
		2F612CAD2A5BEA6E00562080 /* SceneDelegate.swift */ = {isa = PBXFileReference; lastKnownFileType = sourcecode.swift; path = SceneDelegate.swift; sourceTree = "<group>"; };
		2F612CB42A5BEA6F00562080 /* Assets.xcassets */ = {isa = PBXFileReference; lastKnownFileType = folder.assetcatalog; path = Assets.xcassets; sourceTree = "<group>"; };
		2F612CD02A5C322500562080 /* FirstScreenController.swift */ = {isa = PBXFileReference; lastKnownFileType = sourcecode.swift; path = FirstScreenController.swift; sourceTree = "<group>"; };
		2F612CDA2A5C398000562080 /* Screen1TableViewCell.swift */ = {isa = PBXFileReference; lastKnownFileType = sourcecode.swift; path = Screen1TableViewCell.swift; sourceTree = "<group>"; };
		2F612CDB2A5C398000562080 /* Screen1TableViewCell.xib */ = {isa = PBXFileReference; lastKnownFileType = file.xib; path = Screen1TableViewCell.xib; sourceTree = "<group>"; };
		2F61B1B02AD41A5F001C5B68 /* Weather-Release-Info.plist */ = {isa = PBXFileReference; lastKnownFileType = text.plist.xml; path = "Weather-Release-Info.plist"; sourceTree = "<group>"; };
		2F61B1B82AD421DB001C5B68 /* ServerConfig.swift */ = {isa = PBXFileReference; lastKnownFileType = sourcecode.swift; path = ServerConfig.swift; sourceTree = "<group>"; };
		2F6E28C92A67B56200E508C8 /* ToastLabel.swift */ = {isa = PBXFileReference; lastKnownFileType = sourcecode.swift; path = ToastLabel.swift; sourceTree = "<group>"; };
		2F77286B2B3F4CE100C5AB24 /* ToggleSettingTableViewCell.swift */ = {isa = PBXFileReference; lastKnownFileType = sourcecode.swift; path = ToggleSettingTableViewCell.swift; sourceTree = "<group>"; };
		2F77286C2B3F4CE100C5AB24 /* ToggleSettingTableViewCell.xib */ = {isa = PBXFileReference; lastKnownFileType = file.xib; path = ToggleSettingTableViewCell.xib; sourceTree = "<group>"; };
		2F77286F2B3F5E9200C5AB24 /* SettingModals.swift */ = {isa = PBXFileReference; lastKnownFileType = sourcecode.swift; path = SettingModals.swift; sourceTree = "<group>"; };
		2F7728722B3F61FC00C5AB24 /* SettingInfoTableViewCell.swift */ = {isa = PBXFileReference; lastKnownFileType = sourcecode.swift; path = SettingInfoTableViewCell.swift; sourceTree = "<group>"; };
		2F7728732B3F61FC00C5AB24 /* SettingInfoTableViewCell.xib */ = {isa = PBXFileReference; lastKnownFileType = file.xib; path = SettingInfoTableViewCell.xib; sourceTree = "<group>"; };
		2F8F9D412B6D4324004A5572 /* AppInfoCardView.swift */ = {isa = PBXFileReference; lastKnownFileType = sourcecode.swift; path = AppInfoCardView.swift; sourceTree = "<group>"; };
		2F90A28C2B6D47B500F6B6A2 /* AppInfoCardView.xib */ = {isa = PBXFileReference; fileEncoding = 4; lastKnownFileType = file.xib; path = AppInfoCardView.xib; sourceTree = "<group>"; };
		2F90A2952B6D4A6000F6B6A2 /* weather-app-icon-with-mobile.png */ = {isa = PBXFileReference; lastKnownFileType = image.png; path = "weather-app-icon-with-mobile.png"; sourceTree = "<group>"; };
		2F90A2962B6D4A6000F6B6A2 /* weather-app-icon-with-mobile2.png */ = {isa = PBXFileReference; lastKnownFileType = image.png; path = "weather-app-icon-with-mobile2.png"; sourceTree = "<group>"; };
		2F90A2972B6D4A6000F6B6A2 /* weather-app-with-shadow.png */ = {isa = PBXFileReference; lastKnownFileType = image.png; path = "weather-app-with-shadow.png"; sourceTree = "<group>"; };
		2FB414A52B3B3E850052895C /* SecondScreenCollectionViewCell.xib */ = {isa = PBXFileReference; lastKnownFileType = file.xib; path = SecondScreenCollectionViewCell.xib; sourceTree = "<group>"; };
		2FB414A72B3B3EF60052895C /* SecondScreenTableViewCell.xib */ = {isa = PBXFileReference; lastKnownFileType = file.xib; path = SecondScreenTableViewCell.xib; sourceTree = "<group>"; };
		2FB414AC2B3B494D0052895C /* HomeViewController.xib */ = {isa = PBXFileReference; lastKnownFileType = file.xib; path = HomeViewController.xib; sourceTree = "<group>"; };
		2FBBE93B2A76E0700033A609 /* find-weather.png */ = {isa = PBXFileReference; lastKnownFileType = image.png; path = "find-weather.png"; sourceTree = "<group>"; };
		2FBBE93D2A76E4A30033A609 /* placeholderImage.swift */ = {isa = PBXFileReference; lastKnownFileType = sourcecode.swift; path = placeholderImage.swift; sourceTree = "<group>"; };
		2FBBE93F2A76EBE40033A609 /* empty-box.png */ = {isa = PBXFileReference; lastKnownFileType = image.png; path = "empty-box.png"; sourceTree = "<group>"; };
		2FBBE9412A76F1370033A609 /* no-weather-data.png */ = {isa = PBXFileReference; lastKnownFileType = image.png; path = "no-weather-data.png"; sourceTree = "<group>"; };
		2FCEB84B2A63001700A32D82 /* ReusableHeader.swift */ = {isa = PBXFileReference; lastKnownFileType = sourcecode.swift; path = ReusableHeader.swift; sourceTree = "<group>"; };
		2FD005F72A6437860029640E /* Clouds.png */ = {isa = PBXFileReference; lastKnownFileType = image.png; path = Clouds.png; sourceTree = "<group>"; };
		2FD005F82A6437860029640E /* Else.png */ = {isa = PBXFileReference; lastKnownFileType = image.png; path = Else.png; sourceTree = "<group>"; };
		2FD005FA2A6437860029640E /* Snow.png */ = {isa = PBXFileReference; lastKnownFileType = image.png; path = Snow.png; sourceTree = "<group>"; };
		2FD005FB2A6437860029640E /* Thunderstorm.png */ = {isa = PBXFileReference; lastKnownFileType = image.png; path = Thunderstorm.png; sourceTree = "<group>"; };
		2FD005FC2A6437860029640E /* Drizzle.png */ = {isa = PBXFileReference; lastKnownFileType = image.png; path = Drizzle.png; sourceTree = "<group>"; };
		2FD005FD2A6437860029640E /* Clear.png */ = {isa = PBXFileReference; lastKnownFileType = image.png; path = Clear.png; sourceTree = "<group>"; };
		2FD006082A645E7C0029640E /* Clear_Img.jpg */ = {isa = PBXFileReference; lastKnownFileType = image.jpeg; path = Clear_Img.jpg; sourceTree = "<group>"; };
		2FD0060A2A645E7C0029640E /* Snow_Img.jpg */ = {isa = PBXFileReference; lastKnownFileType = image.jpeg; path = Snow_Img.jpg; sourceTree = "<group>"; };
		2FD0060B2A645E7C0029640E /* Drizzle_Img.jpg */ = {isa = PBXFileReference; lastKnownFileType = image.jpeg; path = Drizzle_Img.jpg; sourceTree = "<group>"; };
		2FD0060C2A645E7C0029640E /* Clouds_Img.jpg */ = {isa = PBXFileReference; lastKnownFileType = image.jpeg; path = Clouds_Img.jpg; sourceTree = "<group>"; };
		2FD006172A6463100029640E /* Thunderstorm_Img.jpg */ = {isa = PBXFileReference; lastKnownFileType = image.jpeg; path = Thunderstorm_Img.jpg; sourceTree = "<group>"; };
		2FD0061B2A6464C10029640E /* Else_Img.jpg */ = {isa = PBXFileReference; lastKnownFileType = image.jpeg; path = Else_Img.jpg; sourceTree = "<group>"; };
		2FD0061D2A6465C80029640E /* Rain_Img.jpg */ = {isa = PBXFileReference; lastKnownFileType = image.jpeg; path = Rain_Img.jpg; sourceTree = "<group>"; };
		2FD006212A64706F0029640E /* Hourly_Forecast.png */ = {isa = PBXFileReference; lastKnownFileType = image.png; path = Hourly_Forecast.png; sourceTree = "<group>"; };
		2FD006232A6470750029640E /* Find_Weather.png */ = {isa = PBXFileReference; lastKnownFileType = image.png; path = Find_Weather.png; sourceTree = "<group>"; };
		2FD006252A6470800029640E /* Daily_Forecast.png */ = {isa = PBXFileReference; lastKnownFileType = image.png; path = Daily_Forecast.png; sourceTree = "<group>"; };
		2FD266E22A7134D900F569DB /* Empty_heart.png */ = {isa = PBXFileReference; lastKnownFileType = image.png; path = Empty_heart.png; sourceTree = "<group>"; };
		2FD266E42A7134DF00F569DB /* Filled_heart.png */ = {isa = PBXFileReference; lastKnownFileType = image.png; path = Filled_heart.png; sourceTree = "<group>"; };
		2FD266E72A713C6C00F569DB /* FavouriteQueue.swift */ = {isa = PBXFileReference; lastKnownFileType = sourcecode.swift; path = FavouriteQueue.swift; sourceTree = "<group>"; };
		2FD8941C2B3982F900052806 /* weatherTest.xctest */ = {isa = PBXFileReference; explicitFileType = wrapper.cfbundle; includeInIndex = 0; path = weatherTest.xctest; sourceTree = BUILT_PRODUCTS_DIR; };
		2FD8941E2B3982F900052806 /* weatherTest.swift */ = {isa = PBXFileReference; lastKnownFileType = sourcecode.swift; path = weatherTest.swift; sourceTree = "<group>"; };
		2FD929842B6EBE3A000CCE2F /* Weather-Debug-Info.plist */ = {isa = PBXFileReference; fileEncoding = 4; lastKnownFileType = text.plist.xml; path = "Weather-Debug-Info.plist"; sourceTree = "<group>"; };
		2FD929862B6EC0D8000CCE2F /* weather-Debug.xcconfig */ = {isa = PBXFileReference; lastKnownFileType = text.xcconfig; path = "weather-Debug.xcconfig"; sourceTree = "<group>"; };
		2FD929882B6EC103000CCE2F /* weather-Release.xcconfig */ = {isa = PBXFileReference; lastKnownFileType = text.xcconfig; path = "weather-Release.xcconfig"; sourceTree = "<group>"; };
		2FE4C3142A5F315800A19784 /* WeatherApiHandler.swift */ = {isa = PBXFileReference; lastKnownFileType = sourcecode.swift; path = WeatherApiHandler.swift; sourceTree = "<group>"; };
		2FE5A8082AA084D600FDA21F /* HomeViewController+Location.swift */ = {isa = PBXFileReference; lastKnownFileType = sourcecode.swift; path = "HomeViewController+Location.swift"; sourceTree = "<group>"; };
		2FE5A80A2AA0861100FDA21F /* Common+BlurViewExtension.swift */ = {isa = PBXFileReference; lastKnownFileType = sourcecode.swift; path = "Common+BlurViewExtension.swift"; sourceTree = "<group>"; };
		2FE5A80C2AA0869A00FDA21F /* Common+ReachabilityExtension.swift */ = {isa = PBXFileReference; lastKnownFileType = sourcecode.swift; path = "Common+ReachabilityExtension.swift"; sourceTree = "<group>"; };
		2FE5A8102AA0A0C300FDA21F /* HomeViewController+SearchBar.swift */ = {isa = PBXFileReference; lastKnownFileType = sourcecode.swift; path = "HomeViewController+SearchBar.swift"; sourceTree = "<group>"; };
		2FE5A8122AA0A1CB00FDA21F /* HomeViewController+TableView.swift */ = {isa = PBXFileReference; lastKnownFileType = sourcecode.swift; path = "HomeViewController+TableView.swift"; sourceTree = "<group>"; };
		2FE5A8142AA0ADFC00FDA21F /* no-internet.png */ = {isa = PBXFileReference; lastKnownFileType = image.png; path = "no-internet.png"; sourceTree = "<group>"; };
		2FE9D5B32A5FDB69000D67DF /* WeatherElement.swift */ = {isa = PBXFileReference; lastKnownFileType = sourcecode.swift; path = WeatherElement.swift; sourceTree = "<group>"; };
		2FE9D5B52A5FDBF3000D67DF /* MainWeatherContent.swift */ = {isa = PBXFileReference; lastKnownFileType = sourcecode.swift; path = MainWeatherContent.swift; sourceTree = "<group>"; };
		2FE9D5B92A6079D4000D67DF /* Utilities.swift */ = {isa = PBXFileReference; lastKnownFileType = sourcecode.swift; path = Utilities.swift; sourceTree = "<group>"; };
		2FE9D5BE2A60805E000D67DF /* ForeCastDataElement.swift */ = {isa = PBXFileReference; lastKnownFileType = sourcecode.swift; path = ForeCastDataElement.swift; sourceTree = "<group>"; };
		2FE9D5C02A60807A000D67DF /* City.swift */ = {isa = PBXFileReference; lastKnownFileType = sourcecode.swift; path = City.swift; sourceTree = "<group>"; };
		2FE9E1732A6D47BA009CB409 /* WeatherDataModel.swift */ = {isa = PBXFileReference; lastKnownFileType = sourcecode.swift; path = WeatherDataModel.swift; sourceTree = "<group>"; };
		2FE9E1752A6D512F009CB409 /* Screen2DataModel.swift */ = {isa = PBXFileReference; lastKnownFileType = sourcecode.swift; path = Screen2DataModel.swift; sourceTree = "<group>"; };
		2FE9E1772A6D71E3009CB409 /* SecondScreenTableViewCell.swift */ = {isa = PBXFileReference; lastKnownFileType = sourcecode.swift; path = SecondScreenTableViewCell.swift; sourceTree = "<group>"; };
		2FE9E1792A6D71FE009CB409 /* SecondScreenCollectionViewCell.swift */ = {isa = PBXFileReference; lastKnownFileType = sourcecode.swift; path = SecondScreenCollectionViewCell.swift; sourceTree = "<group>"; };
		2FE9E17B2A6D7B02009CB409 /* Screen1DataModel.swift */ = {isa = PBXFileReference; lastKnownFileType = sourcecode.swift; path = Screen1DataModel.swift; sourceTree = "<group>"; };
		2FF0CCF52A6FABCC00F06705 /* Rain.png */ = {isa = PBXFileReference; lastKnownFileType = image.png; path = Rain.png; sourceTree = "<group>"; };
		2FF2230D2AF7A1370043FEC3 /* NotificationController.swift */ = {isa = PBXFileReference; lastKnownFileType = sourcecode.swift; path = NotificationController.swift; sourceTree = "<group>"; };
		2FF334512B39B87B00EE3F34 /* HomeViewController.swift */ = {isa = PBXFileReference; lastKnownFileType = sourcecode.swift; path = HomeViewController.swift; sourceTree = "<group>"; };
		2FF334552B39B99700EE3F34 /* SettingsViewController.swift */ = {isa = PBXFileReference; lastKnownFileType = sourcecode.swift; path = SettingsViewController.swift; sourceTree = "<group>"; };
		2FF334562B39B99700EE3F34 /* SettingsViewController.xib */ = {isa = PBXFileReference; lastKnownFileType = file.xib; path = SettingsViewController.xib; sourceTree = "<group>"; };
		2FF334592B39B9C000EE3F34 /* ForecastViewController.swift */ = {isa = PBXFileReference; lastKnownFileType = sourcecode.swift; path = ForecastViewController.swift; sourceTree = "<group>"; };
		2FF3345A2B39B9C000EE3F34 /* ForecastViewController.xib */ = {isa = PBXFileReference; lastKnownFileType = file.xib; path = ForecastViewController.xib; sourceTree = "<group>"; };
		2FF3345D2B39BC4600EE3F34 /* TabBarController.swift */ = {isa = PBXFileReference; lastKnownFileType = sourcecode.swift; path = TabBarController.swift; sourceTree = "<group>"; };
		5DFD20A1F425F99CCC92616E /* Pods-weatherApp.debug.xcconfig */ = {isa = PBXFileReference; includeInIndex = 1; lastKnownFileType = text.xcconfig; name = "Pods-weatherApp.debug.xcconfig"; path = "Target Support Files/Pods-weatherApp/Pods-weatherApp.debug.xcconfig"; sourceTree = "<group>"; };
		6D8E22C7154F1B8615D52A22 /* libPods-weatherApp.a */ = {isa = PBXFileReference; explicitFileType = archive.ar; includeInIndex = 0; path = "libPods-weatherApp.a"; sourceTree = BUILT_PRODUCTS_DIR; };
		7B68E7DB478448F44676CBC9 /* Pods-weatherApp.release.xcconfig */ = {isa = PBXFileReference; includeInIndex = 1; lastKnownFileType = text.xcconfig; name = "Pods-weatherApp.release.xcconfig"; path = "Target Support Files/Pods-weatherApp/Pods-weatherApp.release.xcconfig"; sourceTree = "<group>"; };
		8EF7A287B04F2003AD430468 /* Pods-weatherApp-weatherTest.debug.xcconfig */ = {isa = PBXFileReference; includeInIndex = 1; lastKnownFileType = text.xcconfig; name = "Pods-weatherApp-weatherTest.debug.xcconfig"; path = "Target Support Files/Pods-weatherApp-weatherTest/Pods-weatherApp-weatherTest.debug.xcconfig"; sourceTree = "<group>"; };
		ACFBFF01E662C5656FBA484F /* libPods-weatherApp-weatherTest.a */ = {isa = PBXFileReference; explicitFileType = archive.ar; includeInIndex = 0; path = "libPods-weatherApp-weatherTest.a"; sourceTree = BUILT_PRODUCTS_DIR; };
		BC62102669ED39659C8FBD35 /* Pods-weatherApp-weatherTest.release.xcconfig */ = {isa = PBXFileReference; includeInIndex = 1; lastKnownFileType = text.xcconfig; name = "Pods-weatherApp-weatherTest.release.xcconfig"; path = "Target Support Files/Pods-weatherApp-weatherTest/Pods-weatherApp-weatherTest.release.xcconfig"; sourceTree = "<group>"; };
/* End PBXFileReference section */

/* Begin PBXFrameworksBuildPhase section */
		2F612CA52A5BEA6E00562080 /* Frameworks */ = {
			isa = PBXFrameworksBuildPhase;
			buildActionMask = 2147483647;
			files = (
				B5D64E18CEFF69A1F2E0645E /* libPods-weatherApp.a in Frameworks */,
			);
			runOnlyForDeploymentPostprocessing = 0;
		};
		2FD894192B3982F900052806 /* Frameworks */ = {
			isa = PBXFrameworksBuildPhase;
			buildActionMask = 2147483647;
			files = (
				5812841719D9D6EE68613FA2 /* libPods-weatherApp-weatherTest.a in Frameworks */,
			);
			runOnlyForDeploymentPostprocessing = 0;
		};
/* End PBXFrameworksBuildPhase section */

/* Begin PBXGroup section */
		2F074C212B8A229A0051254B /* Utilities */ = {
			isa = PBXGroup;
			children = (
				2FD266E72A713C6C00F569DB /* FavouriteQueue.swift */,
				2FE9D5B92A6079D4000D67DF /* Utilities.swift */,
				2F074C222B8A22B30051254B /* GlobalValues.swift */,
			);
			path = Utilities;
			sourceTree = "<group>";
		};
		2F4A25692B88F840006A3978 /* WebView */ = {
			isa = PBXGroup;
			children = (
				2F4A256A2B88F87F006A3978 /* CommonWebViewController.swift */,
				2F4A256B2B88F87F006A3978 /* CommonWebViewController.xib */,
			);
			path = WebView;
			sourceTree = "<group>";
		};
		2F612C9F2A5BEA6E00562080 = {
			isa = PBXGroup;
			children = (
				2F612CAA2A5BEA6E00562080 /* weatherApp */,
				2FD8941D2B3982F900052806 /* weatherTest */,
				2F612CA92A5BEA6E00562080 /* Products */,
				5416B0FA523EA730C690F8B9 /* Pods */,
				BE54BC5436FAA348F6B5EE12 /* Frameworks */,
			);
			sourceTree = "<group>";
		};
		2F612CA92A5BEA6E00562080 /* Products */ = {
			isa = PBXGroup;
			children = (
				2F612CA82A5BEA6E00562080 /* Weather-Debug.app */,
				2FD8941C2B3982F900052806 /* weatherTest.xctest */,
			);
			name = Products;
			sourceTree = "<group>";
		};
		2F612CAA2A5BEA6E00562080 /* weatherApp */ = {
			isa = PBXGroup;
			children = (
				2FF3344F2B39B3DE00EE3F34 /* supporting-files */,
				2F074C212B8A229A0051254B /* Utilities */,
				2FE4C3132A5F310100A19784 /* Model */,
				2F612CD92A5C38EC00562080 /* View */,
				2FE5A8072AA084B800FDA21F /* Extension */,
				2FE2FD002A6109A500943CF5 /* Controller */,
			);
			path = weatherApp;
			sourceTree = "<group>";
		};
		2F612CD92A5C38EC00562080 /* View */ = {
			isa = PBXGroup;
			children = (
				2F4A25692B88F840006A3978 /* WebView */,
				2F8F9D3F2B6D4285004A5572 /* Home */,
				2F8F9D3E2B6D4275004A5572 /* Forecast */,
				2F8F9D3D2B6D426D004A5572 /* Setting */,
				2FE025962B3B4BEC00282F16 /* customViews */,
			);
			path = View;
			sourceTree = "<group>";
		};
		2F7728692B3F4C5900C5AB24 /* SettingScreenCells */ = {
			isa = PBXGroup;
			children = (
				2F7728712B3F61CA00C5AB24 /* SettingInfoCell */,
				2F77286A2B3F4C6700C5AB24 /* ToggleableCell */,
				2F77286F2B3F5E9200C5AB24 /* SettingModals.swift */,
			);
			path = SettingScreenCells;
			sourceTree = "<group>";
		};
		2F77286A2B3F4C6700C5AB24 /* ToggleableCell */ = {
			isa = PBXGroup;
			children = (
				2F77286B2B3F4CE100C5AB24 /* ToggleSettingTableViewCell.swift */,
				2F77286C2B3F4CE100C5AB24 /* ToggleSettingTableViewCell.xib */,
			);
			path = ToggleableCell;
			sourceTree = "<group>";
		};
		2F7728712B3F61CA00C5AB24 /* SettingInfoCell */ = {
			isa = PBXGroup;
			children = (
				2F7728722B3F61FC00C5AB24 /* SettingInfoTableViewCell.swift */,
				2F7728732B3F61FC00C5AB24 /* SettingInfoTableViewCell.xib */,
			);
			path = SettingInfoCell;
			sourceTree = "<group>";
		};
		2F8F9D3D2B6D426D004A5572 /* Setting */ = {
			isa = PBXGroup;
			children = (
				2F8F9D402B6D42C9004A5572 /* AboutApp */,
				2F7728692B3F4C5900C5AB24 /* SettingScreenCells */,
				2FF334562B39B99700EE3F34 /* SettingsViewController.xib */,
			);
			path = Setting;
			sourceTree = "<group>";
		};
		2F8F9D3E2B6D4275004A5572 /* Forecast */ = {
			isa = PBXGroup;
			children = (
				2FF3345A2B39B9C000EE3F34 /* ForecastViewController.xib */,
				2FB414AB2B3B45280052895C /* SecondScreenCollectionViewCell */,
				2FB414AA2B3B451F0052895C /* SecondScreenTableViewCell */,
			);
			path = Forecast;
			sourceTree = "<group>";
		};
		2F8F9D3F2B6D4285004A5572 /* Home */ = {
			isa = PBXGroup;
			children = (
				2FB414AC2B3B494D0052895C /* HomeViewController.xib */,
				2FB414A92B3B45160052895C /* Screen1TableViewCell */,
			);
			path = Home;
			sourceTree = "<group>";
		};
		2F8F9D402B6D42C9004A5572 /* AboutApp */ = {
			isa = PBXGroup;
			children = (
				2F90A28C2B6D47B500F6B6A2 /* AppInfoCardView.xib */,
				2F8F9D412B6D4324004A5572 /* AppInfoCardView.swift */,
			);
			path = AboutApp;
			sourceTree = "<group>";
		};
		2F90A28E2B6D4A2400F6B6A2 /* app-icons */ = {
			isa = PBXGroup;
			children = (
				2F90A2952B6D4A6000F6B6A2 /* weather-app-icon-with-mobile.png */,
				2F90A2962B6D4A6000F6B6A2 /* weather-app-icon-with-mobile2.png */,
				2F90A2972B6D4A6000F6B6A2 /* weather-app-with-shadow.png */,
			);
			path = "app-icons";
			sourceTree = "<group>";
		};
		2FB414A92B3B45160052895C /* Screen1TableViewCell */ = {
			isa = PBXGroup;
			children = (
				2F612CDA2A5C398000562080 /* Screen1TableViewCell.swift */,
				2F612CDB2A5C398000562080 /* Screen1TableViewCell.xib */,
			);
			path = Screen1TableViewCell;
			sourceTree = "<group>";
		};
		2FB414AA2B3B451F0052895C /* SecondScreenTableViewCell */ = {
			isa = PBXGroup;
			children = (
				2FE9E1772A6D71E3009CB409 /* SecondScreenTableViewCell.swift */,
				2FB414A72B3B3EF60052895C /* SecondScreenTableViewCell.xib */,
			);
			path = SecondScreenTableViewCell;
			sourceTree = "<group>";
		};
		2FB414AB2B3B45280052895C /* SecondScreenCollectionViewCell */ = {
			isa = PBXGroup;
			children = (
				2FE9E1792A6D71FE009CB409 /* SecondScreenCollectionViewCell.swift */,
				2FB414A52B3B3E850052895C /* SecondScreenCollectionViewCell.xib */,
			);
			path = SecondScreenCollectionViewCell;
			sourceTree = "<group>";
		};
		2FD006052A6437AA0029640E /* icons */ = {
			isa = PBXGroup;
			children = (
				2F90A28E2B6D4A2400F6B6A2 /* app-icons */,
				2FD266E22A7134D900F569DB /* Empty_heart.png */,
				2FD266E42A7134DF00F569DB /* Filled_heart.png */,
				2FD005FD2A6437860029640E /* Clear.png */,
				2FD005F72A6437860029640E /* Clouds.png */,
				2FD005FC2A6437860029640E /* Drizzle.png */,
				2FF0CCF52A6FABCC00F06705 /* Rain.png */,
				2FD006252A6470800029640E /* Daily_Forecast.png */,
				2FD006232A6470750029640E /* Find_Weather.png */,
				2FD005F82A6437860029640E /* Else.png */,
				2FD006212A64706F0029640E /* Hourly_Forecast.png */,
				2FD005FA2A6437860029640E /* Snow.png */,
				2FD005FB2A6437860029640E /* Thunderstorm.png */,
			);
			path = icons;
			sourceTree = "<group>";
		};
		2FD006062A645E7C0029640E /* images */ = {
			isa = PBXGroup;
			children = (
				2FBBE93F2A76EBE40033A609 /* empty-box.png */,
				2FD006082A645E7C0029640E /* Clear_Img.jpg */,
				2FBBE9412A76F1370033A609 /* no-weather-data.png */,
				2FD0060A2A645E7C0029640E /* Snow_Img.jpg */,
				2FD006172A6463100029640E /* Thunderstorm_Img.jpg */,
				2FD0060B2A645E7C0029640E /* Drizzle_Img.jpg */,
				2FBBE93B2A76E0700033A609 /* find-weather.png */,
				2FD0061D2A6465C80029640E /* Rain_Img.jpg */,
				2FE5A8142AA0ADFC00FDA21F /* no-internet.png */,
				2FD0061B2A6464C10029640E /* Else_Img.jpg */,
				2FD0060C2A645E7C0029640E /* Clouds_Img.jpg */,
			);
			path = images;
			sourceTree = "<group>";
		};
		2FD266E62A713C2A00F569DB /* ApiDataModel */ = {
			isa = PBXGroup;
			children = (
				2FE9D5B52A5FDBF3000D67DF /* MainWeatherContent.swift */,
				2FE9D5B32A5FDB69000D67DF /* WeatherElement.swift */,
				2FE9D5C02A60807A000D67DF /* City.swift */,
				2FE9E1732A6D47BA009CB409 /* WeatherDataModel.swift */,
				2FE9D5BE2A60805E000D67DF /* ForeCastDataElement.swift */,
			);
			path = ApiDataModel;
			sourceTree = "<group>";
		};
		2FD8941D2B3982F900052806 /* weatherTest */ = {
			isa = PBXGroup;
			children = (
				2FD8941E2B3982F900052806 /* weatherTest.swift */,
			);
			path = weatherTest;
			sourceTree = "<group>";
		};
		2FE025962B3B4BEC00282F16 /* customViews */ = {
			isa = PBXGroup;
			children = (
				2FCEB84B2A63001700A32D82 /* ReusableHeader.swift */,
				2F6E28C92A67B56200E508C8 /* ToastLabel.swift */,
				2FBBE93D2A76E4A30033A609 /* placeholderImage.swift */,
			);
			path = customViews;
			sourceTree = "<group>";
		};
		2FE025972B3B53E700282F16 /* archives */ = {
			isa = PBXGroup;
			children = (
				2F612CD02A5C322500562080 /* FirstScreenController.swift */,
				2F0163912A5D65C000D853F6 /* SecondScreenController.swift */,
				2FF2230D2AF7A1370043FEC3 /* NotificationController.swift */,
			);
			path = archives;
			sourceTree = "<group>";
		};
		2FE2FD002A6109A500943CF5 /* Controller */ = {
			isa = PBXGroup;
			children = (
				2FE4C3142A5F315800A19784 /* WeatherApiHandler.swift */,
				2FF3345D2B39BC4600EE3F34 /* TabBarController.swift */,
				2FE025972B3B53E700282F16 /* archives */,
				2FF334512B39B87B00EE3F34 /* HomeViewController.swift */,
				2FF334552B39B99700EE3F34 /* SettingsViewController.swift */,
				2FF334592B39B9C000EE3F34 /* ForecastViewController.swift */,
			);
			path = Controller;
			sourceTree = "<group>";
		};
		2FE4C3132A5F310100A19784 /* Model */ = {
			isa = PBXGroup;
			children = (
				2FE9E17D2A6D7CE0009CB409 /* ScreenDataModel */,
				2FD266E62A713C2A00F569DB /* ApiDataModel */,
			);
			path = Model;
			sourceTree = "<group>";
		};
		2FE52F812AD46478006E8DA5 /* configs */ = {
			isa = PBXGroup;
			children = (
				2FD929862B6EC0D8000CCE2F /* weather-Debug.xcconfig */,
				2FD929882B6EC103000CCE2F /* weather-Release.xcconfig */,
			);
			path = configs;
			sourceTree = "<group>";
		};
		2FE5A8072AA084B800FDA21F /* Extension */ = {
			isa = PBXGroup;
			children = (
				2FE5A8082AA084D600FDA21F /* HomeViewController+Location.swift */,
				2FE5A80A2AA0861100FDA21F /* Common+BlurViewExtension.swift */,
				2FE5A80C2AA0869A00FDA21F /* Common+ReachabilityExtension.swift */,
				2FE5A8102AA0A0C300FDA21F /* HomeViewController+SearchBar.swift */,
				2FE5A8122AA0A1CB00FDA21F /* HomeViewController+TableView.swift */,
			);
			path = Extension;
			sourceTree = "<group>";
		};
		2FE9E17D2A6D7CE0009CB409 /* ScreenDataModel */ = {
			isa = PBXGroup;
			children = (
				2FE9E17B2A6D7B02009CB409 /* Screen1DataModel.swift */,
				2FE9E1752A6D512F009CB409 /* Screen2DataModel.swift */,
			);
			path = ScreenDataModel;
			sourceTree = "<group>";
		};
		2FF3344F2B39B3DE00EE3F34 /* supporting-files */ = {
			isa = PBXGroup;
			children = (
				2FF334502B39B40D00EE3F34 /* Assets */,
				2FE52F812AD46478006E8DA5 /* configs */,
				2F612CAB2A5BEA6E00562080 /* AppDelegate.swift */,
				2F612CAD2A5BEA6E00562080 /* SceneDelegate.swift */,
				2FD929842B6EBE3A000CCE2F /* Weather-Debug-Info.plist */,
				2F61B1B02AD41A5F001C5B68 /* Weather-Release-Info.plist */,
				2F61B1B82AD421DB001C5B68 /* ServerConfig.swift */,
			);
			path = "supporting-files";
			sourceTree = "<group>";
		};
		2FF334502B39B40D00EE3F34 /* Assets */ = {
			isa = PBXGroup;
			children = (
				2FD006052A6437AA0029640E /* icons */,
				2FD006062A645E7C0029640E /* images */,
				2F612CB42A5BEA6F00562080 /* Assets.xcassets */,
			);
			path = Assets;
			sourceTree = "<group>";
		};
		5416B0FA523EA730C690F8B9 /* Pods */ = {
			isa = PBXGroup;
			children = (
				5DFD20A1F425F99CCC92616E /* Pods-weatherApp.debug.xcconfig */,
				7B68E7DB478448F44676CBC9 /* Pods-weatherApp.release.xcconfig */,
				8EF7A287B04F2003AD430468 /* Pods-weatherApp-weatherTest.debug.xcconfig */,
				BC62102669ED39659C8FBD35 /* Pods-weatherApp-weatherTest.release.xcconfig */,
			);
			path = Pods;
			sourceTree = "<group>";
		};
		BE54BC5436FAA348F6B5EE12 /* Frameworks */ = {
			isa = PBXGroup;
			children = (
				6D8E22C7154F1B8615D52A22 /* libPods-weatherApp.a */,
				ACFBFF01E662C5656FBA484F /* libPods-weatherApp-weatherTest.a */,
			);
			name = Frameworks;
			sourceTree = "<group>";
		};
/* End PBXGroup section */

/* Begin PBXNativeTarget section */
		2F612CA72A5BEA6E00562080 /* weatherApp */ = {
			isa = PBXNativeTarget;
			buildConfigurationList = 2F612CBC2A5BEA6F00562080 /* Build configuration list for PBXNativeTarget "weatherApp" */;
			buildPhases = (
				52D198CE8268A8D7E0E16726 /* [CP] Check Pods Manifest.lock */,
				2F612CA42A5BEA6E00562080 /* Sources */,
				2F612CA52A5BEA6E00562080 /* Frameworks */,
				2F612CA62A5BEA6E00562080 /* Resources */,
			);
			buildRules = (
			);
			dependencies = (
			);
			name = weatherApp;
			productName = weatherApp;
			productReference = 2F612CA82A5BEA6E00562080 /* Weather-Debug.app */;
			productType = "com.apple.product-type.application";
		};
		2FD8941B2B3982F900052806 /* weatherTest */ = {
			isa = PBXNativeTarget;
			buildConfigurationList = 2FD894222B3982F900052806 /* Build configuration list for PBXNativeTarget "weatherTest" */;
			buildPhases = (
				1E28BD050F5F9B69C032786A /* [CP] Check Pods Manifest.lock */,
				2FD894182B3982F900052806 /* Sources */,
				2FD894192B3982F900052806 /* Frameworks */,
				2FD8941A2B3982F900052806 /* Resources */,
			);
			buildRules = (
			);
			dependencies = (
				2FF334232B39892000EE3F34 /* PBXTargetDependency */,
			);
			name = weatherTest;
			productName = weatherTest;
			productReference = 2FD8941C2B3982F900052806 /* weatherTest.xctest */;
			productType = "com.apple.product-type.bundle.unit-test";
		};
/* End PBXNativeTarget section */

/* Begin PBXProject section */
		2F612CA02A5BEA6E00562080 /* Project object */ = {
			isa = PBXProject;
			attributes = {
				BuildIndependentTargetsInParallel = 1;
				LastSwiftUpdateCheck = 1500;
				LastUpgradeCheck = 1430;
				TargetAttributes = {
					2F612CA72A5BEA6E00562080 = {
						CreatedOnToolsVersion = 14.3.1;
					};
					2FD8941B2B3982F900052806 = {
						CreatedOnToolsVersion = 15.0.1;
						TestTargetID = 2F612CA72A5BEA6E00562080;
					};
				};
			};
			buildConfigurationList = 2F612CA32A5BEA6E00562080 /* Build configuration list for PBXProject "weatherApp" */;
			compatibilityVersion = "Xcode 14.0";
			developmentRegion = en;
			hasScannedForEncodings = 0;
			knownRegions = (
				en,
				Base,
			);
			mainGroup = 2F612C9F2A5BEA6E00562080;
			productRefGroup = 2F612CA92A5BEA6E00562080 /* Products */;
			projectDirPath = "";
			projectRoot = "";
			targets = (
				2F612CA72A5BEA6E00562080 /* weatherApp */,
				2FD8941B2B3982F900052806 /* weatherTest */,
			);
		};
/* End PBXProject section */

/* Begin PBXResourcesBuildPhase section */
		2F612CA62A5BEA6E00562080 /* Resources */ = {
			isa = PBXResourcesBuildPhase;
			buildActionMask = 2147483647;
			files = (
				2FF3345C2B39B9C000EE3F34 /* ForecastViewController.xib in Resources */,
				2FD0061E2A6465C80029640E /* Rain_Img.jpg in Resources */,
				2FD006112A645E7C0029640E /* Snow_Img.jpg in Resources */,
				2FD006182A6463100029640E /* Thunderstorm_Img.jpg in Resources */,
				2FD266E52A7134DF00F569DB /* Filled_heart.png in Resources */,
				2F90A29A2B6D4A6000F6B6A2 /* weather-app-with-shadow.png in Resources */,
				2F90A2992B6D4A6000F6B6A2 /* weather-app-icon-with-mobile2.png in Resources */,
				2F612CDD2A5C398000562080 /* Screen1TableViewCell.xib in Resources */,
				2FB414A82B3B3EF60052895C /* SecondScreenTableViewCell.xib in Resources */,
				2FD0061C2A6464C10029640E /* Else_Img.jpg in Resources */,
				2FD006022A6437860029640E /* Thunderstorm.png in Resources */,
				2FD005FF2A6437860029640E /* Else.png in Resources */,
				2FD006032A6437860029640E /* Drizzle.png in Resources */,
				2FD929892B6EC103000CCE2F /* weather-Release.xcconfig in Resources */,
				2FBBE93C2A76E0700033A609 /* find-weather.png in Resources */,
				2FD006042A6437860029640E /* Clear.png in Resources */,
				2F90A2982B6D4A6000F6B6A2 /* weather-app-icon-with-mobile.png in Resources */,
				2F90A28D2B6D47B500F6B6A2 /* AppInfoCardView.xib in Resources */,
				2F77286E2B3F4CE100C5AB24 /* ToggleSettingTableViewCell.xib in Resources */,
				2FB414A62B3B3E850052895C /* SecondScreenCollectionViewCell.xib in Resources */,
				2F7728752B3F61FC00C5AB24 /* SettingInfoTableViewCell.xib in Resources */,
				2FB414AD2B3B494D0052895C /* HomeViewController.xib in Resources */,
				2FD929852B6EBE3A000CCE2F /* Weather-Debug-Info.plist in Resources */,
				2FD006222A64706F0029640E /* Hourly_Forecast.png in Resources */,
				2FBBE9402A76EBE40033A609 /* empty-box.png in Resources */,
				2F612CB52A5BEA6F00562080 /* Assets.xcassets in Resources */,
				2FD929872B6EC0D8000CCE2F /* weather-Debug.xcconfig in Resources */,
				2FD006122A645E7C0029640E /* Drizzle_Img.jpg in Resources */,
				2FD006132A645E7C0029640E /* Clouds_Img.jpg in Resources */,
				2FD006012A6437860029640E /* Snow.png in Resources */,
				2FD006242A6470750029640E /* Find_Weather.png in Resources */,
				2FF0CCF62A6FABCC00F06705 /* Rain.png in Resources */,
				2FD266E32A7134DA00F569DB /* Empty_heart.png in Resources */,
				2F4A256D2B88F87F006A3978 /* CommonWebViewController.xib in Resources */,
				2FE5A8152AA0ADFC00FDA21F /* no-internet.png in Resources */,
				2FF334582B39B99700EE3F34 /* SettingsViewController.xib in Resources */,
				2F61B1B12AD41A5F001C5B68 /* Weather-Release-Info.plist in Resources */,
				2FD005FE2A6437860029640E /* Clouds.png in Resources */,
				2FD0060F2A645E7C0029640E /* Clear_Img.jpg in Resources */,
				2FD006262A6470800029640E /* Daily_Forecast.png in Resources */,
				2FBBE9422A76F1370033A609 /* no-weather-data.png in Resources */,
			);
			runOnlyForDeploymentPostprocessing = 0;
		};
		2FD8941A2B3982F900052806 /* Resources */ = {
			isa = PBXResourcesBuildPhase;
			buildActionMask = 2147483647;
			files = (
			);
			runOnlyForDeploymentPostprocessing = 0;
		};
/* End PBXResourcesBuildPhase section */

/* Begin PBXShellScriptBuildPhase section */
		1E28BD050F5F9B69C032786A /* [CP] Check Pods Manifest.lock */ = {
			isa = PBXShellScriptBuildPhase;
			buildActionMask = 2147483647;
			files = (
			);
			inputFileListPaths = (
			);
			inputPaths = (
				"${PODS_PODFILE_DIR_PATH}/Podfile.lock",
				"${PODS_ROOT}/Manifest.lock",
			);
			name = "[CP] Check Pods Manifest.lock";
			outputFileListPaths = (
			);
			outputPaths = (
				"$(DERIVED_FILE_DIR)/Pods-weatherApp-weatherTest-checkManifestLockResult.txt",
			);
			runOnlyForDeploymentPostprocessing = 0;
			shellPath = /bin/sh;
			shellScript = "diff \"${PODS_PODFILE_DIR_PATH}/Podfile.lock\" \"${PODS_ROOT}/Manifest.lock\" > /dev/null\nif [ $? != 0 ] ; then\n    # print error to STDERR\n    echo \"error: The sandbox is not in sync with the Podfile.lock. Run 'pod install' or update your CocoaPods installation.\" >&2\n    exit 1\nfi\n# This output is used by Xcode 'outputs' to avoid re-running this script phase.\necho \"SUCCESS\" > \"${SCRIPT_OUTPUT_FILE_0}\"\n";
			showEnvVarsInLog = 0;
		};
		52D198CE8268A8D7E0E16726 /* [CP] Check Pods Manifest.lock */ = {
			isa = PBXShellScriptBuildPhase;
			buildActionMask = 2147483647;
			files = (
			);
			inputFileListPaths = (
			);
			inputPaths = (
				"${PODS_PODFILE_DIR_PATH}/Podfile.lock",
				"${PODS_ROOT}/Manifest.lock",
			);
			name = "[CP] Check Pods Manifest.lock";
			outputFileListPaths = (
			);
			outputPaths = (
				"$(DERIVED_FILE_DIR)/Pods-weatherApp-checkManifestLockResult.txt",
			);
			runOnlyForDeploymentPostprocessing = 0;
			shellPath = /bin/sh;
			shellScript = "diff \"${PODS_PODFILE_DIR_PATH}/Podfile.lock\" \"${PODS_ROOT}/Manifest.lock\" > /dev/null\nif [ $? != 0 ] ; then\n    # print error to STDERR\n    echo \"error: The sandbox is not in sync with the Podfile.lock. Run 'pod install' or update your CocoaPods installation.\" >&2\n    exit 1\nfi\n# This output is used by Xcode 'outputs' to avoid re-running this script phase.\necho \"SUCCESS\" > \"${SCRIPT_OUTPUT_FILE_0}\"\n";
			showEnvVarsInLog = 0;
		};
/* End PBXShellScriptBuildPhase section */

/* Begin PBXSourcesBuildPhase section */
		2F612CA42A5BEA6E00562080 /* Sources */ = {
			isa = PBXSourcesBuildPhase;
			buildActionMask = 2147483647;
			files = (
				2FE5A8092AA084D600FDA21F /* HomeViewController+Location.swift in Sources */,
				2F7728702B3F5E9200C5AB24 /* SettingModals.swift in Sources */,
				2FF3345E2B39BC4600EE3F34 /* TabBarController.swift in Sources */,
				2FE9E1762A6D512F009CB409 /* Screen2DataModel.swift in Sources */,
				2FE9D5B62A5FDBF3000D67DF /* MainWeatherContent.swift in Sources */,
				2F074C232B8A22B30051254B /* GlobalValues.swift in Sources */,
				2FE9E17A2A6D71FE009CB409 /* SecondScreenCollectionViewCell.swift in Sources */,
				2FE9E1782A6D71E3009CB409 /* SecondScreenTableViewCell.swift in Sources */,
				2FE9E1742A6D47BA009CB409 /* WeatherDataModel.swift in Sources */,
				2FE9E17C2A6D7B02009CB409 /* Screen1DataModel.swift in Sources */,
				2FE4C3152A5F315800A19784 /* WeatherApiHandler.swift in Sources */,
				2FBBE93E2A76E4A30033A609 /* placeholderImage.swift in Sources */,
				2FE5A80D2AA0869A00FDA21F /* Common+ReachabilityExtension.swift in Sources */,
				2FF2230E2AF7A1370043FEC3 /* NotificationController.swift in Sources */,
				2FE9D5C12A60807A000D67DF /* City.swift in Sources */,
				2F4A256C2B88F87F006A3978 /* CommonWebViewController.swift in Sources */,
				2FD266E82A713C6C00F569DB /* FavouriteQueue.swift in Sources */,
				2FE9D5BF2A60805E000D67DF /* ForeCastDataElement.swift in Sources */,
				2F61B1B92AD421DB001C5B68 /* ServerConfig.swift in Sources */,
				2F0163922A5D65C000D853F6 /* SecondScreenController.swift in Sources */,
				2F612CAC2A5BEA6E00562080 /* AppDelegate.swift in Sources */,
				2F6E28CA2A67B56200E508C8 /* ToastLabel.swift in Sources */,
				2FF334532B39B87B00EE3F34 /* HomeViewController.swift in Sources */,
				2FE5A8132AA0A1CB00FDA21F /* HomeViewController+TableView.swift in Sources */,
				2F612CD12A5C322500562080 /* FirstScreenController.swift in Sources */,
				2FCEB84C2A63001700A32D82 /* ReusableHeader.swift in Sources */,
				2FF334572B39B99700EE3F34 /* SettingsViewController.swift in Sources */,
				2FE5A8112AA0A0C300FDA21F /* HomeViewController+SearchBar.swift in Sources */,
				2FF3345B2B39B9C000EE3F34 /* ForecastViewController.swift in Sources */,
				2FE9D5B42A5FDB69000D67DF /* WeatherElement.swift in Sources */,
				2F7728742B3F61FC00C5AB24 /* SettingInfoTableViewCell.swift in Sources */,
				2F8F9D422B6D4324004A5572 /* AppInfoCardView.swift in Sources */,
				2F612CAE2A5BEA6E00562080 /* SceneDelegate.swift in Sources */,
				2F77286D2B3F4CE100C5AB24 /* ToggleSettingTableViewCell.swift in Sources */,
				2FE5A80B2AA0861100FDA21F /* Common+BlurViewExtension.swift in Sources */,
				2FE9D5BA2A6079D4000D67DF /* Utilities.swift in Sources */,
				2F612CDC2A5C398000562080 /* Screen1TableViewCell.swift in Sources */,
			);
			runOnlyForDeploymentPostprocessing = 0;
		};
		2FD894182B3982F900052806 /* Sources */ = {
			isa = PBXSourcesBuildPhase;
			buildActionMask = 2147483647;
			files = (
				2FD8941F2B3982F900052806 /* weatherTest.swift in Sources */,
			);
			runOnlyForDeploymentPostprocessing = 0;
		};
/* End PBXSourcesBuildPhase section */

/* Begin PBXTargetDependency section */
		2FF334232B39892000EE3F34 /* PBXTargetDependency */ = {
			isa = PBXTargetDependency;
			target = 2F612CA72A5BEA6E00562080 /* weatherApp */;
			targetProxy = 2FF334222B39892000EE3F34 /* PBXContainerItemProxy */;
		};
/* End PBXTargetDependency section */

/* Begin XCBuildConfiguration section */
		2F612CBA2A5BEA6F00562080 /* Debug */ = {
			isa = XCBuildConfiguration;
			baseConfigurationReference = 2FD929862B6EC0D8000CCE2F /* weather-Debug.xcconfig */;
			buildSettings = {
				ALWAYS_SEARCH_USER_PATHS = NO;
				CLANG_ANALYZER_NONNULL = YES;
				CLANG_ANALYZER_NUMBER_OBJECT_CONVERSION = YES_AGGRESSIVE;
				CLANG_CXX_LANGUAGE_STANDARD = "gnu++20";
				CLANG_ENABLE_MODULES = YES;
				CLANG_ENABLE_OBJC_ARC = YES;
				CLANG_ENABLE_OBJC_WEAK = YES;
				CLANG_WARN_BLOCK_CAPTURE_AUTORELEASING = YES;
				CLANG_WARN_BOOL_CONVERSION = YES;
				CLANG_WARN_COMMA = YES;
				CLANG_WARN_CONSTANT_CONVERSION = YES;
				CLANG_WARN_DEPRECATED_OBJC_IMPLEMENTATIONS = YES;
				CLANG_WARN_DIRECT_OBJC_ISA_USAGE = YES_ERROR;
				CLANG_WARN_DOCUMENTATION_COMMENTS = YES;
				CLANG_WARN_EMPTY_BODY = YES;
				CLANG_WARN_ENUM_CONVERSION = YES;
				CLANG_WARN_INFINITE_RECURSION = YES;
				CLANG_WARN_INT_CONVERSION = YES;
				CLANG_WARN_NON_LITERAL_NULL_CONVERSION = YES;
				CLANG_WARN_OBJC_IMPLICIT_RETAIN_SELF = YES;
				CLANG_WARN_OBJC_LITERAL_CONVERSION = YES;
				CLANG_WARN_OBJC_ROOT_CLASS = YES_ERROR;
				CLANG_WARN_QUOTED_INCLUDE_IN_FRAMEWORK_HEADER = YES;
				CLANG_WARN_RANGE_LOOP_ANALYSIS = YES;
				CLANG_WARN_STRICT_PROTOTYPES = YES;
				CLANG_WARN_SUSPICIOUS_MOVE = YES;
				CLANG_WARN_UNGUARDED_AVAILABILITY = YES_AGGRESSIVE;
				CLANG_WARN_UNREACHABLE_CODE = YES;
				CLANG_WARN__DUPLICATE_METHOD_MATCH = YES;
				COPY_PHASE_STRIP = NO;
				DEBUG_INFORMATION_FORMAT = dwarf;
				ENABLE_STRICT_OBJC_MSGSEND = YES;
				ENABLE_TESTABILITY = YES;
				GCC_C_LANGUAGE_STANDARD = gnu11;
				GCC_DYNAMIC_NO_PIC = NO;
				GCC_NO_COMMON_BLOCKS = YES;
				GCC_OPTIMIZATION_LEVEL = 0;
				GCC_PREPROCESSOR_DEFINITIONS = (
					"DEBUG=1",
					"$(inherited)",
				);
				GCC_WARN_64_TO_32_BIT_CONVERSION = YES;
				GCC_WARN_ABOUT_RETURN_TYPE = YES_ERROR;
				GCC_WARN_UNDECLARED_SELECTOR = YES;
				GCC_WARN_UNINITIALIZED_AUTOS = YES_AGGRESSIVE;
				GCC_WARN_UNUSED_FUNCTION = YES;
				GCC_WARN_UNUSED_VARIABLE = YES;
				IPHONEOS_DEPLOYMENT_TARGET = 13.0;
				MTL_ENABLE_DEBUG_INFO = INCLUDE_SOURCE;
				MTL_FAST_MATH = YES;
				ONLY_ACTIVE_ARCH = YES;
				PRODUCT_MODULE_NAME = "$(PRODUCT_NAME:c99extidentifier)";
				SDKROOT = iphoneos;
				SWIFT_ACTIVE_COMPILATION_CONDITIONS = DEBUG;
				SWIFT_OPTIMIZATION_LEVEL = "-Onone";
			};
			name = Debug;
		};
		2F612CBB2A5BEA6F00562080 /* Release */ = {
			isa = XCBuildConfiguration;
			baseConfigurationReference = 2FD929882B6EC103000CCE2F /* weather-Release.xcconfig */;
			buildSettings = {
				ALWAYS_SEARCH_USER_PATHS = NO;
				CLANG_ANALYZER_NONNULL = YES;
				CLANG_ANALYZER_NUMBER_OBJECT_CONVERSION = YES_AGGRESSIVE;
				CLANG_CXX_LANGUAGE_STANDARD = "gnu++20";
				CLANG_ENABLE_MODULES = YES;
				CLANG_ENABLE_OBJC_ARC = YES;
				CLANG_ENABLE_OBJC_WEAK = YES;
				CLANG_WARN_BLOCK_CAPTURE_AUTORELEASING = YES;
				CLANG_WARN_BOOL_CONVERSION = YES;
				CLANG_WARN_COMMA = YES;
				CLANG_WARN_CONSTANT_CONVERSION = YES;
				CLANG_WARN_DEPRECATED_OBJC_IMPLEMENTATIONS = YES;
				CLANG_WARN_DIRECT_OBJC_ISA_USAGE = YES_ERROR;
				CLANG_WARN_DOCUMENTATION_COMMENTS = YES;
				CLANG_WARN_EMPTY_BODY = YES;
				CLANG_WARN_ENUM_CONVERSION = YES;
				CLANG_WARN_INFINITE_RECURSION = YES;
				CLANG_WARN_INT_CONVERSION = YES;
				CLANG_WARN_NON_LITERAL_NULL_CONVERSION = YES;
				CLANG_WARN_OBJC_IMPLICIT_RETAIN_SELF = YES;
				CLANG_WARN_OBJC_LITERAL_CONVERSION = YES;
				CLANG_WARN_OBJC_ROOT_CLASS = YES_ERROR;
				CLANG_WARN_QUOTED_INCLUDE_IN_FRAMEWORK_HEADER = YES;
				CLANG_WARN_RANGE_LOOP_ANALYSIS = YES;
				CLANG_WARN_STRICT_PROTOTYPES = YES;
				CLANG_WARN_SUSPICIOUS_MOVE = YES;
				CLANG_WARN_UNGUARDED_AVAILABILITY = YES_AGGRESSIVE;
				CLANG_WARN_UNREACHABLE_CODE = YES;
				CLANG_WARN__DUPLICATE_METHOD_MATCH = YES;
				COPY_PHASE_STRIP = NO;
				DEBUG_INFORMATION_FORMAT = "dwarf-with-dsym";
				ENABLE_NS_ASSERTIONS = NO;
				ENABLE_STRICT_OBJC_MSGSEND = YES;
				GCC_C_LANGUAGE_STANDARD = gnu11;
				GCC_NO_COMMON_BLOCKS = YES;
				GCC_WARN_64_TO_32_BIT_CONVERSION = YES;
				GCC_WARN_ABOUT_RETURN_TYPE = YES_ERROR;
				GCC_WARN_UNDECLARED_SELECTOR = YES;
				GCC_WARN_UNINITIALIZED_AUTOS = YES_AGGRESSIVE;
				GCC_WARN_UNUSED_FUNCTION = YES;
				GCC_WARN_UNUSED_VARIABLE = YES;
				IPHONEOS_DEPLOYMENT_TARGET = 13.0;
				MTL_ENABLE_DEBUG_INFO = NO;
				MTL_FAST_MATH = YES;
				PRODUCT_MODULE_NAME = "$(PRODUCT_NAME:c99extidentifier)";
				SDKROOT = iphoneos;
				SWIFT_COMPILATION_MODE = wholemodule;
				SWIFT_OPTIMIZATION_LEVEL = "-O";
				VALIDATE_PRODUCT = YES;
			};
			name = Release;
		};
		2F612CBD2A5BEA6F00562080 /* Debug */ = {
			isa = XCBuildConfiguration;
			baseConfigurationReference = 5DFD20A1F425F99CCC92616E /* Pods-weatherApp.debug.xcconfig */;
			buildSettings = {
				ASSETCATALOG_COMPILER_APPICON_NAME = AppIcon;
				ASSETCATALOG_COMPILER_GLOBAL_ACCENT_COLOR_NAME = AccentColor;
				CODE_SIGN_STYLE = Automatic;
				CURRENT_PROJECT_VERSION = 1;
				DEVELOPMENT_TEAM = QWLN8N2YHZ;
				GENERATE_INFOPLIST_FILE = YES;
				INFOPLIST_FILE = "weatherApp/supporting-files/Weather-Debug-Info.plist";
				INFOPLIST_KEY_UIApplicationSupportsIndirectInputEvents = YES;
				INFOPLIST_KEY_UILaunchStoryboardName = splashScreenController.xib;
				INFOPLIST_KEY_UISupportedInterfaceOrientations_iPad = "UIInterfaceOrientationPortrait UIInterfaceOrientationPortraitUpsideDown UIInterfaceOrientationLandscapeLeft UIInterfaceOrientationLandscapeRight";
				INFOPLIST_KEY_UISupportedInterfaceOrientations_iPhone = "UIInterfaceOrientationPortrait UIInterfaceOrientationLandscapeLeft UIInterfaceOrientationLandscapeRight";
				IPHONEOS_DEPLOYMENT_TARGET = 14.0;
				LD_RUNPATH_SEARCH_PATHS = (
					"$(inherited)",
					"@executable_path/Frameworks",
				);
				MARKETING_VERSION = 1.0;
				PRODUCT_BUNDLE_IDENTIFIER = "com.pranav.weatherApp-debug";
				PRODUCT_NAME = "Weather-Debug";
				SWIFT_EMIT_LOC_STRINGS = YES;
				SWIFT_VERSION = 5.0;
				TARGETED_DEVICE_FAMILY = "1,2";
			};
			name = Debug;
		};
		2F612CBE2A5BEA6F00562080 /* Release */ = {
			isa = XCBuildConfiguration;
			baseConfigurationReference = 7B68E7DB478448F44676CBC9 /* Pods-weatherApp.release.xcconfig */;
			buildSettings = {
				ASSETCATALOG_COMPILER_APPICON_NAME = AppIcon;
				ASSETCATALOG_COMPILER_GLOBAL_ACCENT_COLOR_NAME = AccentColor;
				CODE_SIGN_STYLE = Automatic;
				CURRENT_PROJECT_VERSION = 1;
				DEVELOPMENT_TEAM = QWLN8N2YHZ;
				GENERATE_INFOPLIST_FILE = YES;
				INFOPLIST_FILE = "weatherApp/supporting-files/Weather-Release-Info.plist";
				INFOPLIST_KEY_UIApplicationSupportsIndirectInputEvents = YES;
				INFOPLIST_KEY_UILaunchStoryboardName = splashScreenController.xib;
				INFOPLIST_KEY_UISupportedInterfaceOrientations_iPad = "UIInterfaceOrientationPortrait UIInterfaceOrientationPortraitUpsideDown UIInterfaceOrientationLandscapeLeft UIInterfaceOrientationLandscapeRight";
				INFOPLIST_KEY_UISupportedInterfaceOrientations_iPhone = "UIInterfaceOrientationPortrait UIInterfaceOrientationLandscapeLeft UIInterfaceOrientationLandscapeRight";
				IPHONEOS_DEPLOYMENT_TARGET = 14.0;
				LD_RUNPATH_SEARCH_PATHS = (
					"$(inherited)",
					"@executable_path/Frameworks",
				);
				MARKETING_VERSION = 1.0;
				PRODUCT_BUNDLE_IDENTIFIER = "com.pranav.weatherApp-release";
				PRODUCT_NAME = "Weather-Release";
				SWIFT_EMIT_LOC_STRINGS = YES;
				SWIFT_VERSION = 5.0;
				TARGETED_DEVICE_FAMILY = "1,2";
			};
			name = Release;
		};
		2FD894202B3982F900052806 /* Debug */ = {
			isa = XCBuildConfiguration;
			baseConfigurationReference = 8EF7A287B04F2003AD430468 /* Pods-weatherApp-weatherTest.debug.xcconfig */;
			buildSettings = {
				ASSETCATALOG_COMPILER_GENERATE_SWIFT_ASSET_SYMBOL_EXTENSIONS = YES;
				BUNDLE_LOADER = "$(TEST_HOST)";
				CODE_SIGN_STYLE = Automatic;
				CURRENT_PROJECT_VERSION = 1;
				DEVELOPMENT_TEAM = QWLN8N2YHZ;
				ENABLE_USER_SCRIPT_SANDBOXING = NO;
				GCC_C_LANGUAGE_STANDARD = gnu17;
				GENERATE_INFOPLIST_FILE = YES;
				IPHONEOS_DEPLOYMENT_TARGET = 14.0;
				LOCALIZATION_PREFERS_STRING_CATALOGS = YES;
				MARKETING_VERSION = 1.0;
				PRODUCT_BUNDLE_IDENTIFIER = weatherApp.weatherTest;
				PRODUCT_NAME = "$(TARGET_NAME)";
				SWIFT_ACTIVE_COMPILATION_CONDITIONS = "DEBUG $(inherited)";
				SWIFT_EMIT_LOC_STRINGS = NO;
				SWIFT_VERSION = 5.0;
				TARGETED_DEVICE_FAMILY = "1,2";
				TEST_HOST = "$(BUILT_PRODUCTS_DIR)/Weather-Debug.app/$(BUNDLE_EXECUTABLE_FOLDER_PATH)/Weather-Debug";
			};
			name = Debug;
		};
		2FD894212B3982F900052806 /* Release */ = {
			isa = XCBuildConfiguration;
			baseConfigurationReference = BC62102669ED39659C8FBD35 /* Pods-weatherApp-weatherTest.release.xcconfig */;
			buildSettings = {
				ASSETCATALOG_COMPILER_GENERATE_SWIFT_ASSET_SYMBOL_EXTENSIONS = YES;
				BUNDLE_LOADER = "$(TEST_HOST)";
				CODE_SIGN_STYLE = Automatic;
				CURRENT_PROJECT_VERSION = 1;
				DEVELOPMENT_TEAM = QWLN8N2YHZ;
				ENABLE_USER_SCRIPT_SANDBOXING = NO;
				GCC_C_LANGUAGE_STANDARD = gnu17;
				GENERATE_INFOPLIST_FILE = YES;
				IPHONEOS_DEPLOYMENT_TARGET = 14.0;
				LOCALIZATION_PREFERS_STRING_CATALOGS = YES;
				MARKETING_VERSION = 1.0;
				PRODUCT_BUNDLE_IDENTIFIER = weatherApp.weatherTest;
				PRODUCT_NAME = "$(TARGET_NAME)";
				SWIFT_EMIT_LOC_STRINGS = NO;
				SWIFT_VERSION = 5.0;
				TARGETED_DEVICE_FAMILY = "1,2";
				TEST_HOST = "$(BUILT_PRODUCTS_DIR)/Weather-Debug.app/$(BUNDLE_EXECUTABLE_FOLDER_PATH)/Weather-Debug";
			};
			name = Release;
		};
/* End XCBuildConfiguration section */

/* Begin XCConfigurationList section */
		2F612CA32A5BEA6E00562080 /* Build configuration list for PBXProject "weatherApp" */ = {
			isa = XCConfigurationList;
			buildConfigurations = (
				2F612CBA2A5BEA6F00562080 /* Debug */,
				2F612CBB2A5BEA6F00562080 /* Release */,
			);
			defaultConfigurationIsVisible = 0;
			defaultConfigurationName = Debug;
		};
		2F612CBC2A5BEA6F00562080 /* Build configuration list for PBXNativeTarget "weatherApp" */ = {
			isa = XCConfigurationList;
			buildConfigurations = (
				2F612CBD2A5BEA6F00562080 /* Debug */,
				2F612CBE2A5BEA6F00562080 /* Release */,
			);
			defaultConfigurationIsVisible = 0;
			defaultConfigurationName = Debug;
		};
		2FD894222B3982F900052806 /* Build configuration list for PBXNativeTarget "weatherTest" */ = {
			isa = XCConfigurationList;
			buildConfigurations = (
				2FD894202B3982F900052806 /* Debug */,
				2FD894212B3982F900052806 /* Release */,
			);
			defaultConfigurationIsVisible = 0;
			defaultConfigurationName = Debug;
		};
/* End XCConfigurationList section */
	};
	rootObject = 2F612CA02A5BEA6E00562080 /* Project object */;
}
